
Microsoft Visual Studio Solution File, Format Version 12.00
# Visual Studio Version 16
VisualStudioVersion = 16.0.31410.357
MinimumVisualStudioVersion = 10.0.40219.1
Project("{FAE04EC0-301F-11D3-BF4B-00C04F79EFBC}") = "FourToWin", "FourToWin\FourToWin.csproj", "{96CF8359-457C-4CA9-AA9D-E3C1096FD5D9}"
EndProject
Global
	GlobalSection(SolutionConfigurationPlatforms) = preSolution
		Debug|Any CPU = Debug|Any CPU
		Release|Any CPU = Release|Any CPU
	EndGlobalSection
	GlobalSection(ProjectConfigurationPlatforms) = postSolution
		{96CF8359-457C-4CA9-AA9D-E3C1096FD5D9}.Debug|Any CPU.ActiveCfg = Debug|Any CPU
		{96CF8359-457C-4CA9-AA9D-E3C1096FD5D9}.Debug|Any CPU.Build.0 = Debug|Any CPU
		{96CF8359-457C-4CA9-AA9D-E3C1096FD5D9}.Release|Any CPU.ActiveCfg = Release|Any CPU
		{96CF8359-457C-4CA9-AA9D-E3C1096FD5D9}.Release|Any CPU.Build.0 = Release|Any CPU
	EndGlobalSection
	GlobalSection(SolutionProperties) = preSolution
		HideSolutionNode = FALSE
	EndGlobalSection
	GlobalSection(ExtensibilityGlobals) = postSolution
		SolutionGuid = {5EB206E8-9386-4D93-82D3-9571FED1EB14}
	EndGlobalSection
EndGlobal
